
Microsoft Visual Studio Solution File, Format Version 12.00
# Visual Studio Version 16
VisualStudioVersion = 16.0.31409.214
MinimumVisualStudioVersion = 10.0.40219.1
Project("{FAE04EC0-301F-11D3-BF4B-00C04F79EFBC}") = "service-bus-messaging-console-app", "service-bus-messaging-console-app\service-bus-messaging-console-app.csproj", "{A1532C13-D5C4-48CB-BAF5-E8A05DC46457}"
EndProject
Global
	GlobalSection(SolutionConfigurationPlatforms) = preSolution
		Debug|Any CPU = Debug|Any CPU
		Release|Any CPU = Release|Any CPU
	EndGlobalSection
	GlobalSection(ProjectConfigurationPlatforms) = postSolution
		{A1532C13-D5C4-48CB-BAF5-E8A05DC46457}.Debug|Any CPU.ActiveCfg = Debug|Any CPU
		{A1532C13-D5C4-48CB-BAF5-E8A05DC46457}.Debug|Any CPU.Build.0 = Debug|Any CPU
		{A1532C13-D5C4-48CB-BAF5-E8A05DC46457}.Release|Any CPU.ActiveCfg = Release|Any CPU
		{A1532C13-D5C4-48CB-BAF5-E8A05DC46457}.Release|Any CPU.Build.0 = Release|Any CPU
	EndGlobalSection
	GlobalSection(SolutionProperties) = preSolution
		HideSolutionNode = FALSE
	EndGlobalSection
	GlobalSection(ExtensibilityGlobals) = postSolution
		SolutionGuid = {1EAF39B7-6142-4E79-99F6-7A52D9D42517}
	EndGlobalSection
EndGlobal
